# This file is automatically @generated by Cargo.
# It is not intended for manual editing.
version = 4

[[package]]
name = "as-any"
version = "0.3.1"
source = "registry+https://github.com/rust-lang/crates.io-index"
checksum = "5b8a30a44e99a1c83ccb2a6298c563c888952a1c9134953db26876528f84c93a"

[[package]]
name = "javascript-engine"
version = "0.1.0"
dependencies = [
 "as-any",
]
